// !$*UTF8*$!
{
	archiveVersion = 1;
	classes = {
	};
	objectVersion = 56;
	objects = {

/* Begin PBXBuildFile section */
		226DD1232B8A0C7100264762 /* AppDelegate.swift in Sources */ = {isa = PBXBuildFile; fileRef = 226DD1222B8A0C7100264762 /* AppDelegate.swift */; };
		226DD1252B8A0C7100264762 /* SceneDelegate.swift in Sources */ = {isa = PBXBuildFile; fileRef = 226DD1242B8A0C7100264762 /* SceneDelegate.swift */; };
		226DD1272B8A0C7100264762 /* ViewController.swift in Sources */ = {isa = PBXBuildFile; fileRef = 226DD1262B8A0C7100264762 /* ViewController.swift */; };
		226DD12A2B8A0C7100264762 /* Main.storyboard in Resources */ = {isa = PBXBuildFile; fileRef = 226DD1282B8A0C7100264762 /* Main.storyboard */; };
		226DD12C2B8A0C7400264762 /* Assets.xcassets in Resources */ = {isa = PBXBuildFile; fileRef = 226DD12B2B8A0C7400264762 /* Assets.xcassets */; };
		226DD12F2B8A0C7400264762 /* LaunchScreen.storyboard in Resources */ = {isa = PBXBuildFile; fileRef = 226DD12D2B8A0C7400264762 /* LaunchScreen.storyboard */; };
		226DD1372B8A62BD00264762 /* GoogleService-Info.plist in Resources */ = {isa = PBXBuildFile; fileRef = 226DD1362B8A62BD00264762 /* GoogleService-Info.plist */; };
		C0A75E2D2846598019ACF0EE /* Pods_InstagramCloneFirebase.framework in Frameworks */ = {isa = PBXBuildFile; fileRef = 6844E931C5D5B2F81F13EF24 /* Pods_InstagramCloneFirebase.framework */; };
/* End PBXBuildFile section */

/* Begin PBXFileReference section */
		226DD11F2B8A0C7100264762 /* InstagramCloneFirebase.app */ = {isa = PBXFileReference; explicitFileType = wrapper.application; includeInIndex = 0; path = InstagramCloneFirebase.app; sourceTree = BUILT_PRODUCTS_DIR; };
		226DD1222B8A0C7100264762 /* AppDelegate.swift */ = {isa = PBXFileReference; lastKnownFileType = sourcecode.swift; path = AppDelegate.swift; sourceTree = "<group>"; };
		226DD1242B8A0C7100264762 /* SceneDelegate.swift */ = {isa = PBXFileReference; lastKnownFileType = sourcecode.swift; path = SceneDelegate.swift; sourceTree = "<group>"; };
		226DD1262B8A0C7100264762 /* ViewController.swift */ = {isa = PBXFileReference; lastKnownFileType = sourcecode.swift; path = ViewController.swift; sourceTree = "<group>"; };
		226DD1292B8A0C7100264762 /* Base */ = {isa = PBXFileReference; lastKnownFileType = file.storyboard; name = Base; path = Base.lproj/Main.storyboard; sourceTree = "<group>"; };
		226DD12B2B8A0C7400264762 /* Assets.xcassets */ = {isa = PBXFileReference; lastKnownFileType = folder.assetcatalog; path = Assets.xcassets; sourceTree = "<group>"; };
		226DD12E2B8A0C7400264762 /* Base */ = {isa = PBXFileReference; lastKnownFileType = file.storyboard; name = Base; path = Base.lproj/LaunchScreen.storyboard; sourceTree = "<group>"; };
		226DD1302B8A0C7400264762 /* Info.plist */ = {isa = PBXFileReference; lastKnownFileType = text.plist.xml; path = Info.plist; sourceTree = "<group>"; };
		226DD1362B8A62BD00264762 /* GoogleService-Info.plist */ = {isa = PBXFileReference; fileEncoding = 4; lastKnownFileType = text.plist.xml; path = "GoogleService-Info.plist"; sourceTree = "<group>"; };
		3D1BE0E004AA51C039D82B96 /* Pods-InstagramCloneFirebase.release.xcconfig */ = {isa = PBXFileReference; includeInIndex = 1; lastKnownFileType = text.xcconfig; name = "Pods-InstagramCloneFirebase.release.xcconfig"; path = "Target Support Files/Pods-InstagramCloneFirebase/Pods-InstagramCloneFirebase.release.xcconfig"; sourceTree = "<group>"; };
		6844E931C5D5B2F81F13EF24 /* Pods_InstagramCloneFirebase.framework */ = {isa = PBXFileReference; explicitFileType = wrapper.framework; includeInIndex = 0; path = Pods_InstagramCloneFirebase.framework; sourceTree = BUILT_PRODUCTS_DIR; };
		77DC7E852F7901E5F84DC345 /* Pods-InstagramCloneFirebase.debug.xcconfig */ = {isa = PBXFileReference; includeInIndex = 1; lastKnownFileType = text.xcconfig; name = "Pods-InstagramCloneFirebase.debug.xcconfig"; path = "Target Support Files/Pods-InstagramCloneFirebase/Pods-InstagramCloneFirebase.debug.xcconfig"; sourceTree = "<group>"; };
/* End PBXFileReference section */

/* Begin PBXFrameworksBuildPhase section */
		226DD11C2B8A0C7100264762 /* Frameworks */ = {
			isa = PBXFrameworksBuildPhase;
			buildActionMask = 2147483647;
			files = (
				C0A75E2D2846598019ACF0EE /* Pods_InstagramCloneFirebase.framework in Frameworks */,
			);
			runOnlyForDeploymentPostprocessing = 0;
		};
/* End PBXFrameworksBuildPhase section */

/* Begin PBXGroup section */
		226DD1162B8A0C7100264762 = {
			isa = PBXGroup;
			children = (
				226DD1212B8A0C7100264762 /* InstagramCloneFirebase */,
				226DD1202B8A0C7100264762 /* Products */,
				8D26D425845C1DB26D8BC150 /* Pods */,
				CCFE27335792FB8D0B09EEBA /* Frameworks */,
			);
			sourceTree = "<group>";
		};
		226DD1202B8A0C7100264762 /* Products */ = {
			isa = PBXGroup;
			children = (
				226DD11F2B8A0C7100264762 /* InstagramCloneFirebase.app */,
			);
			name = Products;
			sourceTree = "<group>";
		};
		226DD1212B8A0C7100264762 /* InstagramCloneFirebase */ = {
			isa = PBXGroup;
			children = (
				226DD1222B8A0C7100264762 /* AppDelegate.swift */,
				226DD1242B8A0C7100264762 /* SceneDelegate.swift */,
				226DD1262B8A0C7100264762 /* ViewController.swift */,
				226DD1282B8A0C7100264762 /* Main.storyboard */,
				226DD12B2B8A0C7400264762 /* Assets.xcassets */,
				226DD12D2B8A0C7400264762 /* LaunchScreen.storyboard */,
				226DD1302B8A0C7400264762 /* Info.plist */,
				226DD1362B8A62BD00264762 /* GoogleService-Info.plist */,
			);
			path = InstagramCloneFirebase;
			sourceTree = "<group>";
		};
		8D26D425845C1DB26D8BC150 /* Pods */ = {
			isa = PBXGroup;
			children = (
				77DC7E852F7901E5F84DC345 /* Pods-InstagramCloneFirebase.debug.xcconfig */,
				3D1BE0E004AA51C039D82B96 /* Pods-InstagramCloneFirebase.release.xcconfig */,
			);
			name = Pods;
			path = Pods;
			sourceTree = "<group>";
		};
		CCFE27335792FB8D0B09EEBA /* Frameworks */ = {
			isa = PBXGroup;
			children = (
				6844E931C5D5B2F81F13EF24 /* Pods_InstagramCloneFirebase.framework */,
			);
			name = Frameworks;
			sourceTree = "<group>";
		};
/* End PBXGroup section */

/* Begin PBXNativeTarget section */
		226DD11E2B8A0C7100264762 /* InstagramCloneFirebase */ = {
			isa = PBXNativeTarget;
			buildConfigurationList = 226DD1332B8A0C7400264762 /* Build configuration list for PBXNativeTarget "InstagramCloneFirebase" */;
			buildPhases = (
				5686D3AD042640E9DC60E2AC /* [CP] Check Pods Manifest.lock */,
				226DD11B2B8A0C7100264762 /* Sources */,
				226DD11C2B8A0C7100264762 /* Frameworks */,
				226DD11D2B8A0C7100264762 /* Resources */,
				FBA867E02427B517E034C65F /* [CP] Embed Pods Frameworks */,
			);
			buildRules = (
			);
			dependencies = (
			);
			name = InstagramCloneFirebase;
			productName = InstagramCloneFirebase;
			productReference = 226DD11F2B8A0C7100264762 /* InstagramCloneFirebase.app */;
			productType = "com.apple.product-type.application";
		};
/* End PBXNativeTarget section */

/* Begin PBXProject section */
		226DD1172B8A0C7100264762 /* Project object */ = {
			isa = PBXProject;
			attributes = {
				BuildIndependentTargetsInParallel = 1;
				LastSwiftUpdateCheck = 1430;
				LastUpgradeCheck = 1430;
				TargetAttributes = {
					226DD11E2B8A0C7100264762 = {
						CreatedOnToolsVersion = 14.3;
					};
				};
			};
			buildConfigurationList = 226DD11A2B8A0C7100264762 /* Build configuration list for PBXProject "InstagramCloneFirebase" */;
			compatibilityVersion = "Xcode 14.0";
			developmentRegion = en;
			hasScannedForEncodings = 0;
			knownRegions = (
				en,
				Base,
			);
			mainGroup = 226DD1162B8A0C7100264762;
			productRefGroup = 226DD1202B8A0C7100264762 /* Products */;
			projectDirPath = "";
			projectRoot = "";
			targets = (
				226DD11E2B8A0C7100264762 /* InstagramCloneFirebase */,
			);
		};
/* End PBXProject section */

/* Begin PBXResourcesBuildPhase section */
		226DD11D2B8A0C7100264762 /* Resources */ = {
			isa = PBXResourcesBuildPhase;
			buildActionMask = 2147483647;
			files = (
				226DD12F2B8A0C7400264762 /* LaunchScreen.storyboard in Resources */,
				226DD1372B8A62BD00264762 /* GoogleService-Info.plist in Resources */,
				226DD12C2B8A0C7400264762 /* Assets.xcassets in Resources */,
				226DD12A2B8A0C7100264762 /* Main.storyboard in Resources */,
			);
			runOnlyForDeploymentPostprocessing = 0;
		};
/* End PBXResourcesBuildPhase section */

/* Begin PBXShellScriptBuildPhase section */
		5686D3AD042640E9DC60E2AC /* [CP] Check Pods Manifest.lock */ = {
			isa = PBXShellScriptBuildPhase;
			buildActionMask = 2147483647;
			files = (
			);
			inputFileListPaths = (
			);
			inputPaths = (
				"${PODS_PODFILE_DIR_PATH}/Podfile.lock",
				"${PODS_ROOT}/Manifest.lock",
			);
			name = "[CP] Check Pods Manifest.lock";
			outputFileListPaths = (
			);
			outputPaths = (
				"$(DERIVED_FILE_DIR)/Pods-InstagramCloneFirebase-checkManifestLockResult.txt",
			);
			runOnlyForDeploymentPostprocessing = 0;
			shellPath = /bin/sh;
			shellScript = "diff \"${PODS_PODFILE_DIR_PATH}/Podfile.lock\" \"${PODS_ROOT}/Manifest.lock\" > /dev/null\nif [ $? != 0 ] ; then\n    # print error to STDERR\n    echo \"error: The sandbox is not in sync with the Podfile.lock. Run 'pod install' or update your CocoaPods installation.\" >&2\n    exit 1\nfi\n# This output is used by Xcode 'outputs' to avoid re-running this script phase.\necho \"SUCCESS\" > \"${SCRIPT_OUTPUT_FILE_0}\"\n";
			showEnvVarsInLog = 0;
		};
		FBA867E02427B517E034C65F /* [CP] Embed Pods Frameworks */ = {
			isa = PBXShellScriptBuildPhase;
			buildActionMask = 2147483647;
			files = (
			);
			inputFileListPaths = (
				"${PODS_ROOT}/Target Support Files/Pods-InstagramCloneFirebase/Pods-InstagramCloneFirebase-frameworks-${CONFIGURATION}-input-files.xcfilelist",
			);
			name = "[CP] Embed Pods Frameworks";
			outputFileListPaths = (
				"${PODS_ROOT}/Target Support Files/Pods-InstagramCloneFirebase/Pods-InstagramCloneFirebase-frameworks-${CONFIGURATION}-output-files.xcfilelist",
			);
			runOnlyForDeploymentPostprocessing = 0;
			shellPath = /bin/sh;
			shellScript = "\"${PODS_ROOT}/Target Support Files/Pods-InstagramCloneFirebase/Pods-InstagramCloneFirebase-frameworks.sh\"\n";
			showEnvVarsInLog = 0;
		};
/* End PBXShellScriptBuildPhase section */

/* Begin PBXSourcesBuildPhase section */
		226DD11B2B8A0C7100264762 /* Sources */ = {
			isa = PBXSourcesBuildPhase;
			buildActionMask = 2147483647;
			files = (
				226DD1272B8A0C7100264762 /* ViewController.swift in Sources */,
				226DD1232B8A0C7100264762 /* AppDelegate.swift in Sources */,
				226DD1252B8A0C7100264762 /* SceneDelegate.swift in Sources */,
			);
			runOnlyForDeploymentPostprocessing = 0;
		};
/* End PBXSourcesBuildPhase section */

/* Begin PBXVariantGroup section */
		226DD1282B8A0C7100264762 /* Main.storyboard */ = {
			isa = PBXVariantGroup;
			children = (
				226DD1292B8A0C7100264762 /* Base */,
			);
			name = Main.storyboard;
			sourceTree = "<group>";
		};
		226DD12D2B8A0C7400264762 /* LaunchScreen.storyboard */ = {
			isa = PBXVariantGroup;
			children = (
				226DD12E2B8A0C7400264762 /* Base */,
			);
			name = LaunchScreen.storyboard;
			sourceTree = "<group>";
		};
/* End PBXVariantGroup section */

/* Begin XCBuildConfiguration section */
		226DD1312B8A0C7400264762 /* Debug */ = {
			isa = XCBuildConfiguration;
			buildSettings = {
				ALWAYS_SEARCH_USER_PATHS = NO;
				CLANG_ANALYZER_NONNULL = YES;
				CLANG_ANALYZER_NUMBER_OBJECT_CONVERSION = YES_AGGRESSIVE;
				CLANG_CXX_LANGUAGE_STANDARD = "gnu++20";
				CLANG_ENABLE_MODULES = YES;
				CLANG_ENABLE_OBJC_ARC = YES;
				CLANG_ENABLE_OBJC_WEAK = YES;
				CLANG_WARN_BLOCK_CAPTURE_AUTORELEASING = YES;
				CLANG_WARN_BOOL_CONVERSION = YES;
				CLANG_WARN_COMMA = YES;
				CLANG_WARN_CONSTANT_CONVERSION = YES;
				CLANG_WARN_DEPRECATED_OBJC_IMPLEMENTATIONS = YES;
				CLANG_WARN_DIRECT_OBJC_ISA_USAGE = YES_ERROR;
				CLANG_WARN_DOCUMENTATION_COMMENTS = YES;
				CLANG_WARN_EMPTY_BODY = YES;
				CLANG_WARN_ENUM_CONVERSION = YES;
				CLANG_WARN_INFINITE_RECURSION = YES;
				CLANG_WARN_INT_CONVERSION = YES;
				CLANG_WARN_NON_LITERAL_NULL_CONVERSION = YES;
				CLANG_WARN_OBJC_IMPLICIT_RETAIN_SELF = YES;
				CLANG_WARN_OBJC_LITERAL_CONVERSION = YES;
				CLANG_WARN_OBJC_ROOT_CLASS = YES_ERROR;
				CLANG_WARN_QUOTED_INCLUDE_IN_FRAMEWORK_HEADER = YES;
				CLANG_WARN_RANGE_LOOP_ANALYSIS = YES;
				CLANG_WARN_STRICT_PROTOTYPES = YES;
				CLANG_WARN_SUSPICIOUS_MOVE = YES;
				CLANG_WARN_UNGUARDED_AVAILABILITY = YES_AGGRESSIVE;
				CLANG_WARN_UNREACHABLE_CODE = YES;
				CLANG_WARN__DUPLICATE_METHOD_MATCH = YES;
				COPY_PHASE_STRIP = NO;
				DEBUG_INFORMATION_FORMAT = dwarf;
				ENABLE_STRICT_OBJC_MSGSEND = YES;
				ENABLE_TESTABILITY = YES;
				GCC_C_LANGUAGE_STANDARD = gnu11;
				GCC_DYNAMIC_NO_PIC = NO;
				GCC_NO_COMMON_BLOCKS = YES;
				GCC_OPTIMIZATION_LEVEL = 0;
				GCC_PREPROCESSOR_DEFINITIONS = (
					"DEBUG=1",
					"$(inherited)",
				);
				GCC_WARN_64_TO_32_BIT_CONVERSION = YES;
				GCC_WARN_ABOUT_RETURN_TYPE = YES_ERROR;
				GCC_WARN_UNDECLARED_SELECTOR = YES;
				GCC_WARN_UNINITIALIZED_AUTOS = YES_AGGRESSIVE;
				GCC_WARN_UNUSED_FUNCTION = YES;
				GCC_WARN_UNUSED_VARIABLE = YES;
				IPHONEOS_DEPLOYMENT_TARGET = 16.4;
				MTL_ENABLE_DEBUG_INFO = INCLUDE_SOURCE;
				MTL_FAST_MATH = YES;
				ONLY_ACTIVE_ARCH = YES;
				SDKROOT = iphoneos;
				SWIFT_ACTIVE_COMPILATION_CONDITIONS = DEBUG;
				SWIFT_OPTIMIZATION_LEVEL = "-Onone";
			};
			name = Debug;
		};
		226DD1322B8A0C7400264762 /* Release */ = {
			isa = XCBuildConfiguration;
			buildSettings = {
				ALWAYS_SEARCH_USER_PATHS = NO;
				CLANG_ANALYZER_NONNULL = YES;
				CLANG_ANALYZER_NUMBER_OBJECT_CONVERSION = YES_AGGRESSIVE;
				CLANG_CXX_LANGUAGE_STANDARD = "gnu++20";
				CLANG_ENABLE_MODULES = YES;
				CLANG_ENABLE_OBJC_ARC = YES;
				CLANG_ENABLE_OBJC_WEAK = YES;
				CLANG_WARN_BLOCK_CAPTURE_AUTORELEASING = YES;
				CLANG_WARN_BOOL_CONVERSION = YES;
				CLANG_WARN_COMMA = YES;
				CLANG_WARN_CONSTANT_CONVERSION = YES;
				CLANG_WARN_DEPRECATED_OBJC_IMPLEMENTATIONS = YES;
				CLANG_WARN_DIRECT_OBJC_ISA_USAGE = YES_ERROR;
				CLANG_WARN_DOCUMENTATION_COMMENTS = YES;
				CLANG_WARN_EMPTY_BODY = YES;
				CLANG_WARN_ENUM_CONVERSION = YES;
				CLANG_WARN_INFINITE_RECURSION = YES;
				CLANG_WARN_INT_CONVERSION = YES;
				CLANG_WARN_NON_LITERAL_NULL_CONVERSION = YES;
				CLANG_WARN_OBJC_IMPLICIT_RETAIN_SELF = YES;
				CLANG_WARN_OBJC_LITERAL_CONVERSION = YES;
				CLANG_WARN_OBJC_ROOT_CLASS = YES_ERROR;
				CLANG_WARN_QUOTED_INCLUDE_IN_FRAMEWORK_HEADER = YES;
				CLANG_WARN_RANGE_LOOP_ANALYSIS = YES;
				CLANG_WARN_STRICT_PROTOTYPES = YES;
				CLANG_WARN_SUSPICIOUS_MOVE = YES;
				CLANG_WARN_UNGUARDED_AVAILABILITY = YES_AGGRESSIVE;
				CLANG_WARN_UNREACHABLE_CODE = YES;
				CLANG_WARN__DUPLICATE_METHOD_MATCH = YES;
				COPY_PHASE_STRIP = NO;
				DEBUG_INFORMATION_FORMAT = "dwarf-with-dsym";
				ENABLE_NS_ASSERTIONS = NO;
				ENABLE_STRICT_OBJC_MSGSEND = YES;
				GCC_C_LANGUAGE_STANDARD = gnu11;
				GCC_NO_COMMON_BLOCKS = YES;
				GCC_WARN_64_TO_32_BIT_CONVERSION = YES;
				GCC_WARN_ABOUT_RETURN_TYPE = YES_ERROR;
				GCC_WARN_UNDECLARED_SELECTOR = YES;
				GCC_WARN_UNINITIALIZED_AUTOS = YES_AGGRESSIVE;
				GCC_WARN_UNUSED_FUNCTION = YES;
				GCC_WARN_UNUSED_VARIABLE = YES;
				IPHONEOS_DEPLOYMENT_TARGET = 16.4;
				MTL_ENABLE_DEBUG_INFO = NO;
				MTL_FAST_MATH = YES;
				SDKROOT = iphoneos;
				SWIFT_COMPILATION_MODE = wholemodule;
				SWIFT_OPTIMIZATION_LEVEL = "-O";
				VALIDATE_PRODUCT = YES;
			};
			name = Release;
		};
		226DD1342B8A0C7400264762 /* Debug */ = {
			isa = XCBuildConfiguration;
			baseConfigurationReference = 77DC7E852F7901E5F84DC345 /* Pods-InstagramCloneFirebase.debug.xcconfig */;
			buildSettings = {
				ASSETCATALOG_COMPILER_APPICON_NAME = AppIcon;
				ASSETCATALOG_COMPILER_GLOBAL_ACCENT_COLOR_NAME = AccentColor;
				CODE_SIGN_STYLE = Automatic;
				CURRENT_PROJECT_VERSION = 1;
				GENERATE_INFOPLIST_FILE = YES;
				INFOPLIST_FILE = InstagramCloneFirebase/Info.plist;
				INFOPLIST_KEY_UIApplicationSupportsIndirectInputEvents = YES;
				INFOPLIST_KEY_UILaunchStoryboardName = LaunchScreen;
				INFOPLIST_KEY_UIMainStoryboardFile = Main;
				INFOPLIST_KEY_UISupportedInterfaceOrientations_iPad = "UIInterfaceOrientationPortrait UIInterfaceOrientationPortraitUpsideDown UIInterfaceOrientationLandscapeLeft UIInterfaceOrientationLandscapeRight";
				INFOPLIST_KEY_UISupportedInterfaceOrientations_iPhone = "UIInterfaceOrientationPortrait UIInterfaceOrientationLandscapeLeft UIInterfaceOrientationLandscapeRight";
				LD_RUNPATH_SEARCH_PATHS = (
					"$(inherited)",
					"@executable_path/Frameworks",
				);
				MARKETING_VERSION = 1.0;
				PRODUCT_BUNDLE_IDENTIFIER = com.tuan.InstagramCloneFirebase;
				PRODUCT_NAME = "$(TARGET_NAME)";
				SWIFT_EMIT_LOC_STRINGS = YES;
				SWIFT_VERSION = 5.0;
				TARGETED_DEVICE_FAMILY = "1,2";
			};
			name = Debug;
		};
		226DD1352B8A0C7400264762 /* Release */ = {
			isa = XCBuildConfiguration;
			baseConfigurationReference = 3D1BE0E004AA51C039D82B96 /* Pods-InstagramCloneFirebase.release.xcconfig */;
			buildSettings = {
				ASSETCATALOG_COMPILER_APPICON_NAME = AppIcon;
				ASSETCATALOG_COMPILER_GLOBAL_ACCENT_COLOR_NAME = AccentColor;
				CODE_SIGN_STYLE = Automatic;
				CURRENT_PROJECT_VERSION = 1;
				GENERATE_INFOPLIST_FILE = YES;
				INFOPLIST_FILE = InstagramCloneFirebase/Info.plist;
				INFOPLIST_KEY_UIApplicationSupportsIndirectInputEvents = YES;
				INFOPLIST_KEY_UILaunchStoryboardName = LaunchScreen;
				INFOPLIST_KEY_UIMainStoryboardFile = Main;
				INFOPLIST_KEY_UISupportedInterfaceOrientations_iPad = "UIInterfaceOrientationPortrait UIInterfaceOrientationPortraitUpsideDown UIInterfaceOrientationLandscapeLeft UIInterfaceOrientationLandscapeRight";
				INFOPLIST_KEY_UISupportedInterfaceOrientations_iPhone = "UIInterfaceOrientationPortrait UIInterfaceOrientationLandscapeLeft UIInterfaceOrientationLandscapeRight";
				LD_RUNPATH_SEARCH_PATHS = (
					"$(inherited)",
					"@executable_path/Frameworks",
				);
				MARKETING_VERSION = 1.0;
				PRODUCT_BUNDLE_IDENTIFIER = com.tuan.InstagramCloneFirebase;
				PRODUCT_NAME = "$(TARGET_NAME)";
				SWIFT_EMIT_LOC_STRINGS = YES;
				SWIFT_VERSION = 5.0;
				TARGETED_DEVICE_FAMILY = "1,2";
			};
			name = Release;
		};
/* End XCBuildConfiguration section */

/* Begin XCConfigurationList section */
		226DD11A2B8A0C7100264762 /* Build configuration list for PBXProject "InstagramCloneFirebase" */ = {
			isa = XCConfigurationList;
			buildConfigurations = (
				226DD1312B8A0C7400264762 /* Debug */,
				226DD1322B8A0C7400264762 /* Release */,
			);
			defaultConfigurationIsVisible = 0;
			defaultConfigurationName = Release;
		};
		226DD1332B8A0C7400264762 /* Build configuration list for PBXNativeTarget "InstagramCloneFirebase" */ = {
			isa = XCConfigurationList;
			buildConfigurations = (
				226DD1342B8A0C7400264762 /* Debug */,
				226DD1352B8A0C7400264762 /* Release */,
			);
			defaultConfigurationIsVisible = 0;
			defaultConfigurationName = Release;
		};
/* End XCConfigurationList section */
	};
	rootObject = 226DD1172B8A0C7100264762 /* Project object */;
}
